// !$*UTF8*$!
{
	archiveVersion = 1;
	classes = {
	};
	objectVersion = 56;
	objects = {

/* Begin PBXBuildFile section */
		14A6B0C62BFB1DC8009F1597 /* ExpandableSearchBarApp.swift in Sources */ = {isa = PBXBuildFile; fileRef = 14A6B0C52BFB1DC8009F1597 /* ExpandableSearchBarApp.swift */; };
		14A6B0C82BFB1DC8009F1597 /* ContentView.swift in Sources */ = {isa = PBXBuildFile; fileRef = 14A6B0C72BFB1DC8009F1597 /* ContentView.swift */; };
		14A6B0CA2BFB1DC9009F1597 /* Assets.xcassets in Resources */ = {isa = PBXBuildFile; fileRef = 14A6B0C92BFB1DC9009F1597 /* Assets.xcassets */; };
		14A6B0CD2BFB1DC9009F1597 /* Preview Assets.xcassets in Resources */ = {isa = PBXBuildFile; fileRef = 14A6B0CC2BFB1DC9009F1597 /* Preview Assets.xcassets */; };
		14A6B0D52BFB1DF1009F1597 /* Home.swift in Sources */ = {isa = PBXBuildFile; fileRef = 14A6B0D42BFB1DF1009F1597 /* Home.swift */; };
		14A6B0D82BFB3785009F1597 /* Tab.swift in Sources */ = {isa = PBXBuildFile; fileRef = 14A6B0D72BFB3785009F1597 /* Tab.swift */; };
/* End PBXBuildFile section */

/* Begin PBXFileReference section */
		14A6B0C22BFB1DC7009F1597 /* ExpandableSearchBar.app */ = {isa = PBXFileReference; explicitFileType = wrapper.application; includeInIndex = 0; path = ExpandableSearchBar.app; sourceTree = BUILT_PRODUCTS_DIR; };
		14A6B0C52BFB1DC8009F1597 /* ExpandableSearchBarApp.swift */ = {isa = PBXFileReference; lastKnownFileType = sourcecode.swift; path = ExpandableSearchBarApp.swift; sourceTree = "<group>"; };
		14A6B0C72BFB1DC8009F1597 /* ContentView.swift */ = {isa = PBXFileReference; lastKnownFileType = sourcecode.swift; path = ContentView.swift; sourceTree = "<group>"; };
		14A6B0C92BFB1DC9009F1597 /* Assets.xcassets */ = {isa = PBXFileReference; lastKnownFileType = folder.assetcatalog; path = Assets.xcassets; sourceTree = "<group>"; };
		14A6B0CC2BFB1DC9009F1597 /* Preview Assets.xcassets */ = {isa = PBXFileReference; lastKnownFileType = folder.assetcatalog; path = "Preview Assets.xcassets"; sourceTree = "<group>"; };
		14A6B0D42BFB1DF1009F1597 /* Home.swift */ = {isa = PBXFileReference; lastKnownFileType = sourcecode.swift; path = Home.swift; sourceTree = "<group>"; };
		14A6B0D72BFB3785009F1597 /* Tab.swift */ = {isa = PBXFileReference; lastKnownFileType = sourcecode.swift; path = Tab.swift; sourceTree = "<group>"; };
/* End PBXFileReference section */

/* Begin PBXFrameworksBuildPhase section */
		14A6B0BF2BFB1DC7009F1597 /* Frameworks */ = {
			isa = PBXFrameworksBuildPhase;
			buildActionMask = 2147483647;
			files = (
			);
			runOnlyForDeploymentPostprocessing = 0;
		};
/* End PBXFrameworksBuildPhase section */

/* Begin PBXGroup section */
		14A6B0B92BFB1DC7009F1597 = {
			isa = PBXGroup;
			children = (
				14A6B0C42BFB1DC7009F1597 /* ExpandableSearchBar */,
				14A6B0C32BFB1DC7009F1597 /* Products */,
			);
			sourceTree = "<group>";
		};
		14A6B0C32BFB1DC7009F1597 /* Products */ = {
			isa = PBXGroup;
			children = (
				14A6B0C22BFB1DC7009F1597 /* ExpandableSearchBar.app */,
			);
			name = Products;
			sourceTree = "<group>";
		};
		14A6B0C42BFB1DC7009F1597 /* ExpandableSearchBar */ = {
			isa = PBXGroup;
			children = (
				14A6B0D62BFB3778009F1597 /* Model */,
				14A6B0D32BFB1DE6009F1597 /* View */,
				14A6B0C52BFB1DC8009F1597 /* ExpandableSearchBarApp.swift */,
				14A6B0C72BFB1DC8009F1597 /* ContentView.swift */,
				14A6B0C92BFB1DC9009F1597 /* Assets.xcassets */,
				14A6B0CB2BFB1DC9009F1597 /* Preview Content */,
			);
			path = ExpandableSearchBar;
			sourceTree = "<group>";
		};
		14A6B0CB2BFB1DC9009F1597 /* Preview Content */ = {
			isa = PBXGroup;
			children = (
				14A6B0CC2BFB1DC9009F1597 /* Preview Assets.xcassets */,
			);
			path = "Preview Content";
			sourceTree = "<group>";
		};
		14A6B0D32BFB1DE6009F1597 /* View */ = {
			isa = PBXGroup;
			children = (
				14A6B0D42BFB1DF1009F1597 /* Home.swift */,
			);
			path = View;
			sourceTree = "<group>";
		};
		14A6B0D62BFB3778009F1597 /* Model */ = {
			isa = PBXGroup;
			children = (
				14A6B0D72BFB3785009F1597 /* Tab.swift */,
			);
			path = Model;
			sourceTree = "<group>";
		};
/* End PBXGroup section */

/* Begin PBXNativeTarget section */
		14A6B0C12BFB1DC7009F1597 /* ExpandableSearchBar */ = {
			isa = PBXNativeTarget;
			buildConfigurationList = 14A6B0D02BFB1DC9009F1597 /* Build configuration list for PBXNativeTarget "ExpandableSearchBar" */;
			buildPhases = (
				14A6B0BE2BFB1DC7009F1597 /* Sources */,
				14A6B0BF2BFB1DC7009F1597 /* Frameworks */,
				14A6B0C02BFB1DC7009F1597 /* Resources */,
			);
			buildRules = (
			);
			dependencies = (
			);
			name = ExpandableSearchBar;
			productName = ExpandableSearchBar;
			productReference = 14A6B0C22BFB1DC7009F1597 /* ExpandableSearchBar.app */;
			productType = "com.apple.product-type.application";
		};
/* End PBXNativeTarget section */

/* Begin PBXProject section */
		14A6B0BA2BFB1DC7009F1597 /* Project object */ = {
			isa = PBXProject;
			attributes = {
				BuildIndependentTargetsInParallel = 1;
				LastSwiftUpdateCheck = 1540;
				LastUpgradeCheck = 1540;
				TargetAttributes = {
					14A6B0C12BFB1DC7009F1597 = {
						CreatedOnToolsVersion = 15.4;
					};
				};
			};
			buildConfigurationList = 14A6B0BD2BFB1DC7009F1597 /* Build configuration list for PBXProject "ExpandableSearchBar" */;
			compatibilityVersion = "Xcode 14.0";
			developmentRegion = en;
			hasScannedForEncodings = 0;
			knownRegions = (
				en,
				Base,
			);
			mainGroup = 14A6B0B92BFB1DC7009F1597;
			productRefGroup = 14A6B0C32BFB1DC7009F1597 /* Products */;
			projectDirPath = "";
			projectRoot = "";
			targets = (
				14A6B0C12BFB1DC7009F1597 /* ExpandableSearchBar */,
			);
		};
/* End PBXProject section */

/* Begin PBXResourcesBuildPhase section */
		14A6B0C02BFB1DC7009F1597 /* Resources */ = {
			isa = PBXResourcesBuildPhase;
			buildActionMask = 2147483647;
			files = (
				14A6B0CD2BFB1DC9009F1597 /* Preview Assets.xcassets in Resources */,
				14A6B0CA2BFB1DC9009F1597 /* Assets.xcassets in Resources */,
			);
			runOnlyForDeploymentPostprocessing = 0;
		};
/* End PBXResourcesBuildPhase section */

/* Begin PBXSourcesBuildPhase section */
		14A6B0BE2BFB1DC7009F1597 /* Sources */ = {
			isa = PBXSourcesBuildPhase;
			buildActionMask = 2147483647;
			files = (
				14A6B0C82BFB1DC8009F1597 /* ContentView.swift in Sources */,
				14A6B0D52BFB1DF1009F1597 /* Home.swift in Sources */,
				14A6B0C62BFB1DC8009F1597 /* ExpandableSearchBarApp.swift in Sources */,
				14A6B0D82BFB3785009F1597 /* Tab.swift in Sources */,
			);
			runOnlyForDeploymentPostprocessing = 0;
		};
/* End PBXSourcesBuildPhase section */

/* Begin XCBuildConfiguration section */
		14A6B0CE2BFB1DC9009F1597 /* Debug */ = {
			isa = XCBuildConfiguration;
			buildSettings = {
				ALWAYS_SEARCH_USER_PATHS = NO;
				ASSETCATALOG_COMPILER_GENERATE_SWIFT_ASSET_SYMBOL_EXTENSIONS = YES;
				CLANG_ANALYZER_NONNULL = YES;
				CLANG_ANALYZER_NUMBER_OBJECT_CONVERSION = YES_AGGRESSIVE;
				CLANG_CXX_LANGUAGE_STANDARD = "gnu++20";
				CLANG_ENABLE_MODULES = YES;
				CLANG_ENABLE_OBJC_ARC = YES;
				CLANG_ENABLE_OBJC_WEAK = YES;
				CLANG_WARN_BLOCK_CAPTURE_AUTORELEASING = YES;
				CLANG_WARN_BOOL_CONVERSION = YES;
				CLANG_WARN_COMMA = YES;
				CLANG_WARN_CONSTANT_CONVERSION = YES;
				CLANG_WARN_DEPRECATED_OBJC_IMPLEMENTATIONS = YES;
				CLANG_WARN_DIRECT_OBJC_ISA_USAGE = YES_ERROR;
				CLANG_WARN_DOCUMENTATION_COMMENTS = YES;
				CLANG_WARN_EMPTY_BODY = YES;
				CLANG_WARN_ENUM_CONVERSION = YES;
				CLANG_WARN_INFINITE_RECURSION = YES;
				CLANG_WARN_INT_CONVERSION = YES;
				CLANG_WARN_NON_LITERAL_NULL_CONVERSION = YES;
				CLANG_WARN_OBJC_IMPLICIT_RETAIN_SELF = YES;
				CLANG_WARN_OBJC_LITERAL_CONVERSION = YES;
				CLANG_WARN_OBJC_ROOT_CLASS = YES_ERROR;
				CLANG_WARN_QUOTED_INCLUDE_IN_FRAMEWORK_HEADER = YES;
				CLANG_WARN_RANGE_LOOP_ANALYSIS = YES;
				CLANG_WARN_STRICT_PROTOTYPES = YES;
				CLANG_WARN_SUSPICIOUS_MOVE = YES;
				CLANG_WARN_UNGUARDED_AVAILABILITY = YES_AGGRESSIVE;
				CLANG_WARN_UNREACHABLE_CODE = YES;
				CLANG_WARN__DUPLICATE_METHOD_MATCH = YES;
				COPY_PHASE_STRIP = NO;
				DEBUG_INFORMATION_FORMAT = dwarf;
				ENABLE_STRICT_OBJC_MSGSEND = YES;
				ENABLE_TESTABILITY = YES;
				ENABLE_USER_SCRIPT_SANDBOXING = YES;
				GCC_C_LANGUAGE_STANDARD = gnu17;
				GCC_DYNAMIC_NO_PIC = NO;
				GCC_NO_COMMON_BLOCKS = YES;
				GCC_OPTIMIZATION_LEVEL = 0;
				GCC_PREPROCESSOR_DEFINITIONS = (
					"DEBUG=1",
					"$(inherited)",
				);
				GCC_WARN_64_TO_32_BIT_CONVERSION = YES;
				GCC_WARN_ABOUT_RETURN_TYPE = YES_ERROR;
				GCC_WARN_UNDECLARED_SELECTOR = YES;
				GCC_WARN_UNINITIALIZED_AUTOS = YES_AGGRESSIVE;
				GCC_WARN_UNUSED_FUNCTION = YES;
				GCC_WARN_UNUSED_VARIABLE = YES;
				IPHONEOS_DEPLOYMENT_TARGET = 17.5;
				LOCALIZATION_PREFERS_STRING_CATALOGS = YES;
				MTL_ENABLE_DEBUG_INFO = INCLUDE_SOURCE;
				MTL_FAST_MATH = YES;
				ONLY_ACTIVE_ARCH = YES;
				SDKROOT = iphoneos;
				SWIFT_ACTIVE_COMPILATION_CONDITIONS = "DEBUG $(inherited)";
				SWIFT_OPTIMIZATION_LEVEL = "-Onone";
			};
			name = Debug;
		};
		14A6B0CF2BFB1DC9009F1597 /* Release */ = {
			isa = XCBuildConfiguration;
			buildSettings = {
				ALWAYS_SEARCH_USER_PATHS = NO;
				ASSETCATALOG_COMPILER_GENERATE_SWIFT_ASSET_SYMBOL_EXTENSIONS = YES;
				CLANG_ANALYZER_NONNULL = YES;
				CLANG_ANALYZER_NUMBER_OBJECT_CONVERSION = YES_AGGRESSIVE;
				CLANG_CXX_LANGUAGE_STANDARD = "gnu++20";
				CLANG_ENABLE_MODULES = YES;
				CLANG_ENABLE_OBJC_ARC = YES;
				CLANG_ENABLE_OBJC_WEAK = YES;
				CLANG_WARN_BLOCK_CAPTURE_AUTORELEASING = YES;
				CLANG_WARN_BOOL_CONVERSION = YES;
				CLANG_WARN_COMMA = YES;
				CLANG_WARN_CONSTANT_CONVERSION = YES;
				CLANG_WARN_DEPRECATED_OBJC_IMPLEMENTATIONS = YES;
				CLANG_WARN_DIRECT_OBJC_ISA_USAGE = YES_ERROR;
				CLANG_WARN_DOCUMENTATION_COMMENTS = YES;
				CLANG_WARN_EMPTY_BODY = YES;
				CLANG_WARN_ENUM_CONVERSION = YES;
				CLANG_WARN_INFINITE_RECURSION = YES;
				CLANG_WARN_INT_CONVERSION = YES;
				CLANG_WARN_NON_LITERAL_NULL_CONVERSION = YES;
				CLANG_WARN_OBJC_IMPLICIT_RETAIN_SELF = YES;
				CLANG_WARN_OBJC_LITERAL_CONVERSION = YES;
				CLANG_WARN_OBJC_ROOT_CLASS = YES_ERROR;
				CLANG_WARN_QUOTED_INCLUDE_IN_FRAMEWORK_HEADER = YES;
				CLANG_WARN_RANGE_LOOP_ANALYSIS = YES;
				CLANG_WARN_STRICT_PROTOTYPES = YES;
				CLANG_WARN_SUSPICIOUS_MOVE = YES;
				CLANG_WARN_UNGUARDED_AVAILABILITY = YES_AGGRESSIVE;
				CLANG_WARN_UNREACHABLE_CODE = YES;
				CLANG_WARN__DUPLICATE_METHOD_MATCH = YES;
				COPY_PHASE_STRIP = NO;
				DEBUG_INFORMATION_FORMAT = "dwarf-with-dsym";
				ENABLE_NS_ASSERTIONS = NO;
				ENABLE_STRICT_OBJC_MSGSEND = YES;
				ENABLE_USER_SCRIPT_SANDBOXING = YES;
				GCC_C_LANGUAGE_STANDARD = gnu17;
				GCC_NO_COMMON_BLOCKS = YES;
				GCC_WARN_64_TO_32_BIT_CONVERSION = YES;
				GCC_WARN_ABOUT_RETURN_TYPE = YES_ERROR;
				GCC_WARN_UNDECLARED_SELECTOR = YES;
				GCC_WARN_UNINITIALIZED_AUTOS = YES_AGGRESSIVE;
				GCC_WARN_UNUSED_FUNCTION = YES;
				GCC_WARN_UNUSED_VARIABLE = YES;
				IPHONEOS_DEPLOYMENT_TARGET = 17.5;
				LOCALIZATION_PREFERS_STRING_CATALOGS = YES;
				MTL_ENABLE_DEBUG_INFO = NO;
				MTL_FAST_MATH = YES;
				SDKROOT = iphoneos;
				SWIFT_COMPILATION_MODE = wholemodule;
				VALIDATE_PRODUCT = YES;
			};
			name = Release;
		};
		14A6B0D12BFB1DC9009F1597 /* Debug */ = {
			isa = XCBuildConfiguration;
			buildSettings = {
				ASSETCATALOG_COMPILER_APPICON_NAME = AppIcon;
				ASSETCATALOG_COMPILER_GLOBAL_ACCENT_COLOR_NAME = AccentColor;
				CODE_SIGN_STYLE = Automatic;
				CURRENT_PROJECT_VERSION = 1;
				DEVELOPMENT_ASSET_PATHS = "\"ExpandableSearchBar/Preview Content\"";
				DEVELOPMENT_TEAM = X364NN2D83;
				ENABLE_PREVIEWS = YES;
				GENERATE_INFOPLIST_FILE = YES;
				INFOPLIST_KEY_UIApplicationSceneManifest_Generation = YES;
				INFOPLIST_KEY_UIApplicationSupportsIndirectInputEvents = YES;
				INFOPLIST_KEY_UILaunchScreen_Generation = YES;
				INFOPLIST_KEY_UISupportedInterfaceOrientations_iPad = "UIInterfaceOrientationPortrait UIInterfaceOrientationPortraitUpsideDown UIInterfaceOrientationLandscapeLeft UIInterfaceOrientationLandscapeRight";
				INFOPLIST_KEY_UISupportedInterfaceOrientations_iPhone = "UIInterfaceOrientationPortrait UIInterfaceOrientationLandscapeLeft UIInterfaceOrientationLandscapeRight";
				LD_RUNPATH_SEARCH_PATHS = (
					"$(inherited)",
					"@executable_path/Frameworks",
				);
				MARKETING_VERSION = 1.0;
				PRODUCT_BUNDLE_IDENTIFIER = com.jiukuaidao.demo.ExpandableSearchBar;
				PRODUCT_NAME = "$(TARGET_NAME)";
				SWIFT_EMIT_LOC_STRINGS = YES;
				SWIFT_VERSION = 5.0;
				TARGETED_DEVICE_FAMILY = "1,2";
			};
			name = Debug;
		};
		14A6B0D22BFB1DC9009F1597 /* Release */ = {
			isa = XCBuildConfiguration;
			buildSettings = {
				ASSETCATALOG_COMPILER_APPICON_NAME = AppIcon;
				ASSETCATALOG_COMPILER_GLOBAL_ACCENT_COLOR_NAME = AccentColor;
				CODE_SIGN_STYLE = Automatic;
				CURRENT_PROJECT_VERSION = 1;
				DEVELOPMENT_ASSET_PATHS = "\"ExpandableSearchBar/Preview Content\"";
				DEVELOPMENT_TEAM = X364NN2D83;
				ENABLE_PREVIEWS = YES;
				GENERATE_INFOPLIST_FILE = YES;
				INFOPLIST_KEY_UIApplicationSceneManifest_Generation = YES;
				INFOPLIST_KEY_UIApplicationSupportsIndirectInputEvents = YES;
				INFOPLIST_KEY_UILaunchScreen_Generation = YES;
				INFOPLIST_KEY_UISupportedInterfaceOrientations_iPad = "UIInterfaceOrientationPortrait UIInterfaceOrientationPortraitUpsideDown UIInterfaceOrientationLandscapeLeft UIInterfaceOrientationLandscapeRight";
				INFOPLIST_KEY_UISupportedInterfaceOrientations_iPhone = "UIInterfaceOrientationPortrait UIInterfaceOrientationLandscapeLeft UIInterfaceOrientationLandscapeRight";
				LD_RUNPATH_SEARCH_PATHS = (
					"$(inherited)",
					"@executable_path/Frameworks",
				);
				MARKETING_VERSION = 1.0;
				PRODUCT_BUNDLE_IDENTIFIER = com.jiukuaidao.demo.ExpandableSearchBar;
				PRODUCT_NAME = "$(TARGET_NAME)";
				SWIFT_EMIT_LOC_STRINGS = YES;
				SWIFT_VERSION = 5.0;
				TARGETED_DEVICE_FAMILY = "1,2";
			};
			name = Release;
		};
/* End XCBuildConfiguration section */

/* Begin XCConfigurationList section */
		14A6B0BD2BFB1DC7009F1597 /* Build configuration list for PBXProject "ExpandableSearchBar" */ = {
			isa = XCConfigurationList;
			buildConfigurations = (
				14A6B0CE2BFB1DC9009F1597 /* Debug */,
				14A6B0CF2BFB1DC9009F1597 /* Release */,
			);
			defaultConfigurationIsVisible = 0;
			defaultConfigurationName = Release;
		};
		14A6B0D02BFB1DC9009F1597 /* Build configuration list for PBXNativeTarget "ExpandableSearchBar" */ = {
			isa = XCConfigurationList;
			buildConfigurations = (
				14A6B0D12BFB1DC9009F1597 /* Debug */,
				14A6B0D22BFB1DC9009F1597 /* Release */,
			);
			defaultConfigurationIsVisible = 0;
			defaultConfigurationName = Release;
		};
/* End XCConfigurationList section */
	};
	rootObject = 14A6B0BA2BFB1DC7009F1597 /* Project object */;
}
